
Microsoft Visual Studio Solution File, Format Version 12.00
# Visual Studio Version 16
VisualStudioVersion = 16.0.29215.179
MinimumVisualStudioVersion = 10.0.40219.1
Project("{FAE04EC0-301F-11D3-BF4B-00C04F79EFBC}") = "Fractal", "Fractal.csproj", "{7B4C3961-0C4E-4474-BC56-1DF0F779FEF9}"
EndProject
Global
	GlobalSection(SolutionConfigurationPlatforms) = preSolution
		Debug|Any CPU = Debug|Any CPU
		Release|Any CPU = Release|Any CPU
	EndGlobalSection
	GlobalSection(ProjectConfigurationPlatforms) = postSolution
		{7B4C3961-0C4E-4474-BC56-1DF0F779FEF9}.Debug|Any CPU.ActiveCfg = Debug|Any CPU
		{7B4C3961-0C4E-4474-BC56-1DF0F779FEF9}.Debug|Any CPU.Build.0 = Debug|Any CPU
		{7B4C3961-0C4E-4474-BC56-1DF0F779FEF9}.Release|Any CPU.ActiveCfg = Release|Any CPU
		{7B4C3961-0C4E-4474-BC56-1DF0F779FEF9}.Release|Any CPU.Build.0 = Release|Any CPU
	EndGlobalSection
	GlobalSection(SolutionProperties) = preSolution
		HideSolutionNode = FALSE
	EndGlobalSection
	GlobalSection(ExtensibilityGlobals) = postSolution
		SolutionGuid = {63BB6A07-C94E-4364-8675-11BECBDB64CE}
	EndGlobalSection
EndGlobal
